
Microsoft Visual Studio Solution File, Format Version 12.00
# Visual Studio Version 17
VisualStudioVersion = 17.5.002.0
MinimumVisualStudioVersion = 10.0.40219.1
Project("{9A19103F-16F7-4668-BE54-9A1E7A4F7556}") = "mslearn-dotnet-files", "mslearn-dotnet-files.csproj", "{67A3B0FF-F33C-4C1D-9C9A-A6BB3811F6F5}"
EndProject
Global
	GlobalSection(SolutionConfigurationPlatforms) = preSolution
		Debug|Any CPU = Debug|Any CPU
		Release|Any CPU = Release|Any CPU
	EndGlobalSection
	GlobalSection(ProjectConfigurationPlatforms) = postSolution
		{67A3B0FF-F33C-4C1D-9C9A-A6BB3811F6F5}.Debug|Any CPU.ActiveCfg = Debug|Any CPU
		{67A3B0FF-F33C-4C1D-9C9A-A6BB3811F6F5}.Debug|Any CPU.Build.0 = Debug|Any CPU
		{67A3B0FF-F33C-4C1D-9C9A-A6BB3811F6F5}.Release|Any CPU.ActiveCfg = Release|Any CPU
		{67A3B0FF-F33C-4C1D-9C9A-A6BB3811F6F5}.Release|Any CPU.Build.0 = Release|Any CPU
	EndGlobalSection
	GlobalSection(SolutionProperties) = preSolution
		HideSolutionNode = FALSE
	EndGlobalSection
	GlobalSection(ExtensibilityGlobals) = postSolution
		SolutionGuid = {DA74D151-77C7-40EB-881B-EE7FBDB66B85}
	EndGlobalSection
EndGlobal
